
Microsoft Visual Studio Solution File, Format Version 12.00
# Visual Studio 14
VisualStudioVersion = 14.0.23107.0
MinimumVisualStudioVersion = 10.0.40219.1
Project("{FAE04EC0-301F-11D3-BF4B-00C04F79EFBC}") = "NumbersFromSequence", "NumbersFromSequence\NumbersFromSequence.csproj", "{382640E7-6079-4D61-ACCC-3DCC8060AAEE}"
EndProject
Project("{FAE04EC0-301F-11D3-BF4B-00C04F79EFBC}") = "FindSquareRoot", "FindSquareRoot\FindSquareRoot.csproj", "{3A077C12-0952-4835-9F54-2EB8B7975CF8}"
EndProject
Project("{FAE04EC0-301F-11D3-BF4B-00C04F79EFBC}") = "PrintFirstAndLastName", "PrintFirstAndLastName\PrintFirstAndLastName.csproj", "{6825B436-BF7F-4128-8381-40F5B10D0979}"
EndProject
Project("{FAE04EC0-301F-11D3-BF4B-00C04F79EFBC}") = "PrintNumbers", "PrintNumbers\PrintNumbers.csproj", "{6AB58FDB-8CC3-48FE-8BFC-1655FB939B5C}"
EndProject
Project("{FAE04EC0-301F-11D3-BF4B-00C04F79EFBC}") = "PrintName", "PrintName\PrintName.csproj", "{DD989894-4A7F-4D66-97E6-1E18CEFFD925}"
EndProject
Project("{FAE04EC0-301F-11D3-BF4B-00C04F79EFBC}") = "HelloCSharp", "HelloCSharp\HelloCSharp.csproj", "{41E5EC8A-D8E6-4F55-AADF-C039B6A29277}"
EndProject
Project("{FAE04EC0-301F-11D3-BF4B-00C04F79EFBC}") = "PrintLongSequence", "PrintLongSequence\PrintLongSequence.csproj", "{681D387D-E4F9-41EA-930C-5F7278C0D8AF}"
EndProject
Project("{FAE04EC0-301F-11D3-BF4B-00C04F79EFBC}") = "AgeAfterTenYears", "AgeAfterTenYears\AgeAfterTenYears.csproj", "{317D3FE5-7632-45FD-BE08-9FCCE3F95A35}"
EndProject
Project("{FAE04EC0-301F-11D3-BF4B-00C04F79EFBC}") = "CurrentDateAndTime", "CurrentDateAndTime\CurrentDateAndTime.csproj", "{FE7B52D4-7A59-4E8C-A486-E97C49F79E27}"
EndProject
Project("{FAE04EC0-301F-11D3-BF4B-00C04F79EFBC}") = "ReformatHorribleCode", "ReformatHorribleCode\ReformatHorribleCode.csproj", "{5DC8B51F-0CE5-4B4B-9886-F8C368C5D4D1}"
EndProject
Global
	GlobalSection(SolutionConfigurationPlatforms) = preSolution
		Debug|Any CPU = Debug|Any CPU
		Release|Any CPU = Release|Any CPU
	EndGlobalSection
	GlobalSection(ProjectConfigurationPlatforms) = postSolution
		{382640E7-6079-4D61-ACCC-3DCC8060AAEE}.Debug|Any CPU.ActiveCfg = Debug|Any CPU
		{382640E7-6079-4D61-ACCC-3DCC8060AAEE}.Debug|Any CPU.Build.0 = Debug|Any CPU
		{382640E7-6079-4D61-ACCC-3DCC8060AAEE}.Release|Any CPU.ActiveCfg = Release|Any CPU
		{382640E7-6079-4D61-ACCC-3DCC8060AAEE}.Release|Any CPU.Build.0 = Release|Any CPU
		{3A077C12-0952-4835-9F54-2EB8B7975CF8}.Debug|Any CPU.ActiveCfg = Debug|Any CPU
		{3A077C12-0952-4835-9F54-2EB8B7975CF8}.Debug|Any CPU.Build.0 = Debug|Any CPU
		{3A077C12-0952-4835-9F54-2EB8B7975CF8}.Release|Any CPU.ActiveCfg = Release|Any CPU
		{3A077C12-0952-4835-9F54-2EB8B7975CF8}.Release|Any CPU.Build.0 = Release|Any CPU
		{6825B436-BF7F-4128-8381-40F5B10D0979}.Debug|Any CPU.ActiveCfg = Debug|Any CPU
		{6825B436-BF7F-4128-8381-40F5B10D0979}.Debug|Any CPU.Build.0 = Debug|Any CPU
		{6825B436-BF7F-4128-8381-40F5B10D0979}.Release|Any CPU.ActiveCfg = Release|Any CPU
		{6825B436-BF7F-4128-8381-40F5B10D0979}.Release|Any CPU.Build.0 = Release|Any CPU
		{6AB58FDB-8CC3-48FE-8BFC-1655FB939B5C}.Debug|Any CPU.ActiveCfg = Debug|Any CPU
		{6AB58FDB-8CC3-48FE-8BFC-1655FB939B5C}.Debug|Any CPU.Build.0 = Debug|Any CPU
		{6AB58FDB-8CC3-48FE-8BFC-1655FB939B5C}.Release|Any CPU.ActiveCfg = Release|Any CPU
		{6AB58FDB-8CC3-48FE-8BFC-1655FB939B5C}.Release|Any CPU.Build.0 = Release|Any CPU
		{DD989894-4A7F-4D66-97E6-1E18CEFFD925}.Debug|Any CPU.ActiveCfg = Debug|Any CPU
		{DD989894-4A7F-4D66-97E6-1E18CEFFD925}.Debug|Any CPU.Build.0 = Debug|Any CPU
		{DD989894-4A7F-4D66-97E6-1E18CEFFD925}.Release|Any CPU.ActiveCfg = Release|Any CPU
		{DD989894-4A7F-4D66-97E6-1E18CEFFD925}.Release|Any CPU.Build.0 = Release|Any CPU
		{41E5EC8A-D8E6-4F55-AADF-C039B6A29277}.Debug|Any CPU.ActiveCfg = Debug|Any CPU
		{41E5EC8A-D8E6-4F55-AADF-C039B6A29277}.Debug|Any CPU.Build.0 = Debug|Any CPU
		{41E5EC8A-D8E6-4F55-AADF-C039B6A29277}.Release|Any CPU.ActiveCfg = Release|Any CPU
		{41E5EC8A-D8E6-4F55-AADF-C039B6A29277}.Release|Any CPU.Build.0 = Release|Any CPU
		{681D387D-E4F9-41EA-930C-5F7278C0D8AF}.Debug|Any CPU.ActiveCfg = Debug|Any CPU
		{681D387D-E4F9-41EA-930C-5F7278C0D8AF}.Debug|Any CPU.Build.0 = Debug|Any CPU
		{681D387D-E4F9-41EA-930C-5F7278C0D8AF}.Release|Any CPU.ActiveCfg = Release|Any CPU
		{681D387D-E4F9-41EA-930C-5F7278C0D8AF}.Release|Any CPU.Build.0 = Release|Any CPU
		{317D3FE5-7632-45FD-BE08-9FCCE3F95A35}.Debug|Any CPU.ActiveCfg = Debug|Any CPU
		{317D3FE5-7632-45FD-BE08-9FCCE3F95A35}.Debug|Any CPU.Build.0 = Debug|Any CPU
		{317D3FE5-7632-45FD-BE08-9FCCE3F95A35}.Release|Any CPU.ActiveCfg = Release|Any CPU
		{317D3FE5-7632-45FD-BE08-9FCCE3F95A35}.Release|Any CPU.Build.0 = Release|Any CPU
		{FE7B52D4-7A59-4E8C-A486-E97C49F79E27}.Debug|Any CPU.ActiveCfg = Debug|Any CPU
		{FE7B52D4-7A59-4E8C-A486-E97C49F79E27}.Debug|Any CPU.Build.0 = Debug|Any CPU
		{FE7B52D4-7A59-4E8C-A486-E97C49F79E27}.Release|Any CPU.ActiveCfg = Release|Any CPU
		{FE7B52D4-7A59-4E8C-A486-E97C49F79E27}.Release|Any CPU.Build.0 = Release|Any CPU
		{5DC8B51F-0CE5-4B4B-9886-F8C368C5D4D1}.Debug|Any CPU.ActiveCfg = Debug|Any CPU
		{5DC8B51F-0CE5-4B4B-9886-F8C368C5D4D1}.Debug|Any CPU.Build.0 = Debug|Any CPU
		{5DC8B51F-0CE5-4B4B-9886-F8C368C5D4D1}.Release|Any CPU.ActiveCfg = Release|Any CPU
		{5DC8B51F-0CE5-4B4B-9886-F8C368C5D4D1}.Release|Any CPU.Build.0 = Release|Any CPU
	EndGlobalSection
	GlobalSection(SolutionProperties) = preSolution
		HideSolutionNode = FALSE
	EndGlobalSection
EndGlobal
